
Microsoft Visual Studio Solution File, Format Version 12.00
# Visual Studio Version 17
VisualStudioVersion = 17.4.33103.184
MinimumVisualStudioVersion = 10.0.40219.1
Project("{FAE04EC0-301F-11D3-BF4B-00C04F79EFBC}") = "FileShare", "FileShare.csproj", "{FD97C9E7-C089-4F0D-AF45-6A53C41EF9AB}"
EndProject
Global
	GlobalSection(SolutionConfigurationPlatforms) = preSolution
		Debug|Any CPU = Debug|Any CPU
		Release|Any CPU = Release|Any CPU
	EndGlobalSection
	GlobalSection(ProjectConfigurationPlatforms) = postSolution
		{FD97C9E7-C089-4F0D-AF45-6A53C41EF9AB}.Debug|Any CPU.ActiveCfg = Debug|Any CPU
		{FD97C9E7-C089-4F0D-AF45-6A53C41EF9AB}.Debug|Any CPU.Build.0 = Debug|Any CPU
		{FD97C9E7-C089-4F0D-AF45-6A53C41EF9AB}.Release|Any CPU.ActiveCfg = Release|Any CPU
		{FD97C9E7-C089-4F0D-AF45-6A53C41EF9AB}.Release|Any CPU.Build.0 = Release|Any CPU
	EndGlobalSection
	GlobalSection(SolutionProperties) = preSolution
		HideSolutionNode = FALSE
	EndGlobalSection
	GlobalSection(ExtensibilityGlobals) = postSolution
		SolutionGuid = {10389A76-906F-400F-93D0-BECEA15FC0F1}
	EndGlobalSection
EndGlobal
